
Microsoft Visual Studio Solution File, Format Version 12.00
# Visual Studio 15
VisualStudioVersion = 15.0.28307.1062
MinimumVisualStudioVersion = 10.0.40219.1
Project("{00D1A9C2-B5F0-4AF3-8072-F6C62B433612}") = "SQLProject", "SQLProject\SQLProject.sqlproj", "{16147E9E-F3A1-4DFA-984F-2E25393ED2E1}"
EndProject
Project("{00D1A9C2-B5F0-4AF3-8072-F6C62B433612}") = "SQLFromExisting", "SQLFromExisting\SQLFromExisting.sqlproj", "{6FB781D4-6332-4662-B234-B15BF0E969A8}"
EndProject
Global
	GlobalSection(SolutionConfigurationPlatforms) = preSolution
		Debug|Any CPU = Debug|Any CPU
		Release|Any CPU = Release|Any CPU
	EndGlobalSection
	GlobalSection(ProjectConfigurationPlatforms) = postSolution
		{16147E9E-F3A1-4DFA-984F-2E25393ED2E1}.Debug|Any CPU.ActiveCfg = Debug|Any CPU
		{16147E9E-F3A1-4DFA-984F-2E25393ED2E1}.Debug|Any CPU.Build.0 = Debug|Any CPU
		{16147E9E-F3A1-4DFA-984F-2E25393ED2E1}.Debug|Any CPU.Deploy.0 = Debug|Any CPU
		{16147E9E-F3A1-4DFA-984F-2E25393ED2E1}.Release|Any CPU.ActiveCfg = Release|Any CPU
		{16147E9E-F3A1-4DFA-984F-2E25393ED2E1}.Release|Any CPU.Build.0 = Release|Any CPU
		{16147E9E-F3A1-4DFA-984F-2E25393ED2E1}.Release|Any CPU.Deploy.0 = Release|Any CPU
		{6FB781D4-6332-4662-B234-B15BF0E969A8}.Debug|Any CPU.ActiveCfg = Debug|Any CPU
		{6FB781D4-6332-4662-B234-B15BF0E969A8}.Debug|Any CPU.Build.0 = Debug|Any CPU
		{6FB781D4-6332-4662-B234-B15BF0E969A8}.Debug|Any CPU.Deploy.0 = Debug|Any CPU
		{6FB781D4-6332-4662-B234-B15BF0E969A8}.Release|Any CPU.ActiveCfg = Release|Any CPU
		{6FB781D4-6332-4662-B234-B15BF0E969A8}.Release|Any CPU.Build.0 = Release|Any CPU
		{6FB781D4-6332-4662-B234-B15BF0E969A8}.Release|Any CPU.Deploy.0 = Release|Any CPU
	EndGlobalSection
	GlobalSection(SolutionProperties) = preSolution
		HideSolutionNode = FALSE
	EndGlobalSection
	GlobalSection(ExtensibilityGlobals) = postSolution
		SolutionGuid = {33593D03-1AE6-4621-A3F3-3810065952AB}
	EndGlobalSection
EndGlobal
